{
  "name": "airext",
  "version": "0.1.4",
  "lockfileVersion": 3,
  "requires": true,
  "packages": {
    "": {
      "name": "airext",
      "version": "0.1.4",
      "license": "MIT",
      "dependencies": {
        "@dbml/core": "^3.0.0",
        "js-yaml": "^4.1.0",
        "lodash": "^4.17.21"
      },
      "bin": {
        "airext": "bin/index.js",
        "airext-prisma": "bin/prisma.js"
      },
      "devDependencies": {
        "@types/lodash": "^4.14.202",
        "@types/node": "^20.10.1",
        "typescript": "^5.3.2"
      }
    },
    "node_modules/@dbml/core": {
      "version": "3.0.0",
      "resolved": "https://registry.npmjs.org/@dbml/core/-/core-3.0.0.tgz",
      "integrity": "sha512-z6KorBWrU/L01UNaepjpFT5oEA9KZoZH0HpPRtEvz/FWSu+81Y5abo2kxaxMOCJCpJE0BqoCjy93eq4ZzeKrJA==",
      "dependencies": {
        "@dbml/parse": "^3.0.0",
        "antlr4": "^4.13.1",
        "lodash": "^4.17.15",
        "parsimmon": "^1.13.0",
        "pluralize": "^8.0.0"
      }
    },
    "node_modules/@dbml/parse": {
      "version": "3.0.0",
      "resolved": "https://registry.npmjs.org/@dbml/parse/-/parse-3.0.0.tgz",
      "integrity": "sha512-NE28vaplZWkfATtjFPeRMIzikW/72plHeUg09yqau690AGgYHmx83WB0KvkBab7riqZulRfqhC3JqBpnZFe+rQ==",
      "dependencies": {
        "lodash": "^4.17.21"
      },
      "peerDependencies": {
        "lodash": "^4.17.21"
      }
    },
    "node_modules/@types/lodash": {
      "version": "4.14.202",
      "resolved": "https://registry.npmjs.org/@types/lodash/-/lodash-4.14.202.tgz",
      "integrity": "sha512-OvlIYQK9tNneDlS0VN54LLd5uiPCBOp7gS5Z0f1mjoJYBrtStzgmJBxONW3U6OZqdtNzZPmn9BS/7WI7BFFcFQ==",
      "dev": true
    },
    "node_modules/@types/node": {
      "version": "20.10.1",
      "resolved": "https://registry.npmjs.org/@types/node/-/node-20.10.1.tgz",
      "integrity": "sha512-T2qwhjWwGH81vUEx4EXmBKsTJRXFXNZTL4v0gi01+zyBmCwzE6TyHszqX01m+QHTEq+EZNo13NeJIdEqf+Myrg==",
      "dev": true,
      "dependencies": {
        "undici-types": "~5.26.4"
      }
    },
    "node_modules/antlr4": {
      "version": "4.13.1",
      "resolved": "https://registry.npmjs.org/antlr4/-/antlr4-4.13.1.tgz",
      "integrity": "sha512-kiXTspaRYvnIArgE97z5YVVf/cDVQABr3abFRR6mE7yesLMkgu4ujuyV/sgxafQ8wgve0DJQUJ38Z8tkgA2izA==",
      "engines": {
        "node": ">=16"
      }
    },
    "node_modules/argparse": {
      "version": "2.0.1",
      "resolved": "https://registry.npmjs.org/argparse/-/argparse-2.0.1.tgz",
      "integrity": "sha512-8+9WqebbFzpX9OR+Wa6O29asIogeRMzcGtAINdpMHHyAg10f05aSFVBbcEqGf/PXw1EjAZ+q2/bEBg3DvurK3Q=="
    },
    "node_modules/js-yaml": {
      "version": "4.1.0",
      "resolved": "https://registry.npmjs.org/js-yaml/-/js-yaml-4.1.0.tgz",
      "integrity": "sha512-wpxZs9NoxZaJESJGIZTyDEaYpl0FKSA+FB9aJiyemKhMwkxQg63h4T1KJgUGHpTqPDNRcmmYLugrRjJlBtWvRA==",
      "dependencies": {
        "argparse": "^2.0.1"
      },
      "bin": {
        "js-yaml": "bin/js-yaml.js"
      }
    },
    "node_modules/lodash": {
      "version": "4.17.21",
      "resolved": "https://registry.npmjs.org/lodash/-/lodash-4.17.21.tgz",
      "integrity": "sha512-v2kDEe57lecTulaDIuNTPy3Ry4gLGJ6Z1O3vE1krgXZNrsQ+LFTGHVxVjcXPs17LhbZVGedAJv8XZ1tvj5FvSg=="
    },
    "node_modules/parsimmon": {
      "version": "1.18.1",
      "resolved": "https://registry.npmjs.org/parsimmon/-/parsimmon-1.18.1.tgz",
      "integrity": "sha512-u7p959wLfGAhJpSDJVYXoyMCXWYwHia78HhRBWqk7AIbxdmlrfdp5wX0l3xv/iTSH5HvhN9K7o26hwwpgS5Nmw=="
    },
    "node_modules/pluralize": {
      "version": "8.0.0",
      "resolved": "https://registry.npmjs.org/pluralize/-/pluralize-8.0.0.tgz",
      "integrity": "sha512-Nc3IT5yHzflTfbjgqWcCPpo7DaKy4FnpB0l/zCAW0Tc7jxAiuqSxHasntB3D7887LSrA93kDJ9IXovxJYxyLCA==",
      "engines": {
        "node": ">=4"
      }
    },
    "node_modules/typescript": {
      "version": "5.3.2",
      "resolved": "https://registry.npmjs.org/typescript/-/typescript-5.3.2.tgz",
      "integrity": "sha512-6l+RyNy7oAHDfxC4FzSJcz9vnjTKxrLpDG5M2Vu4SHRVNg6xzqZp6LYSR9zjqQTu8DU/f5xwxUdADOkbrIX2gQ==",
      "dev": true,
      "bin": {
        "tsc": "bin/tsc",
        "tsserver": "bin/tsserver"
      },
      "engines": {
        "node": ">=14.17"
      }
    },
    "node_modules/undici-types": {
      "version": "5.26.5",
      "resolved": "https://registry.npmjs.org/undici-types/-/undici-types-5.26.5.tgz",
      "integrity": "sha512-JlCMO+ehdEIKqlFxk6IfVoAUVmgz7cU7zD/h9XZ0qzeosSHmUJVOzSQvvYSYWXkFXC+IfLKSIffhv0sVZup6pA==",
      "dev": true
    }
  }
}
